
Microsoft Visual Studio Solution File, Format Version 12.00
# Visual Studio 15
VisualStudioVersion = 15.0.28010.2050
MinimumVisualStudioVersion = 10.0.40219.1
Project("{FAE04EC0-301F-11D3-BF4B-00C04F79EFBC}") = "URLtoSMS.UWP.Mobile", "URLToSMS.UWP.Mobile\URLtoSMS.UWP.Mobile.csproj", "{5D42656C-D23C-4D30-AD39-85E1CE63CA4A}"
EndProject
Project("{2150E333-8FDC-42A3-9474-1A3956D46DE8}") = "Solution Items", "Solution Items", "{E38016C0-59D8-4382-8FFA-CB162D1A13FB}"
	ProjectSection(SolutionItems) = preProject
		readme.md = readme.md
	EndProjectSection
EndProject
Global
	GlobalSection(SolutionConfigurationPlatforms) = preSolution
		Debug|ARM = Debug|ARM
		Debug|x64 = Debug|x64
		Debug|x86 = Debug|x86
		Release|ARM = Release|ARM
		Release|x64 = Release|x64
		Release|x86 = Release|x86
	EndGlobalSection
	GlobalSection(ProjectConfigurationPlatforms) = postSolution
		{5D42656C-D23C-4D30-AD39-85E1CE63CA4A}.Debug|ARM.ActiveCfg = Debug|ARM
		{5D42656C-D23C-4D30-AD39-85E1CE63CA4A}.Debug|ARM.Build.0 = Debug|ARM
		{5D42656C-D23C-4D30-AD39-85E1CE63CA4A}.Debug|ARM.Deploy.0 = Debug|ARM
		{5D42656C-D23C-4D30-AD39-85E1CE63CA4A}.Debug|x64.ActiveCfg = Debug|x64
		{5D42656C-D23C-4D30-AD39-85E1CE63CA4A}.Debug|x64.Build.0 = Debug|x64
		{5D42656C-D23C-4D30-AD39-85E1CE63CA4A}.Debug|x64.Deploy.0 = Debug|x64
		{5D42656C-D23C-4D30-AD39-85E1CE63CA4A}.Debug|x86.ActiveCfg = Debug|x86
		{5D42656C-D23C-4D30-AD39-85E1CE63CA4A}.Debug|x86.Build.0 = Debug|x86
		{5D42656C-D23C-4D30-AD39-85E1CE63CA4A}.Debug|x86.Deploy.0 = Debug|x86
		{5D42656C-D23C-4D30-AD39-85E1CE63CA4A}.Release|ARM.ActiveCfg = Release|ARM
		{5D42656C-D23C-4D30-AD39-85E1CE63CA4A}.Release|ARM.Build.0 = Release|ARM
		{5D42656C-D23C-4D30-AD39-85E1CE63CA4A}.Release|ARM.Deploy.0 = Release|ARM
		{5D42656C-D23C-4D30-AD39-85E1CE63CA4A}.Release|x64.ActiveCfg = Release|x64
		{5D42656C-D23C-4D30-AD39-85E1CE63CA4A}.Release|x64.Build.0 = Release|x64
		{5D42656C-D23C-4D30-AD39-85E1CE63CA4A}.Release|x64.Deploy.0 = Release|x64
		{5D42656C-D23C-4D30-AD39-85E1CE63CA4A}.Release|x86.ActiveCfg = Release|x86
		{5D42656C-D23C-4D30-AD39-85E1CE63CA4A}.Release|x86.Build.0 = Release|x86
		{5D42656C-D23C-4D30-AD39-85E1CE63CA4A}.Release|x86.Deploy.0 = Release|x86
	EndGlobalSection
	GlobalSection(SolutionProperties) = preSolution
		HideSolutionNode = FALSE
	EndGlobalSection
	GlobalSection(ExtensibilityGlobals) = postSolution
		SolutionGuid = {AFA57B04-CAE0-4E47-8C7F-897FCF8A1E9A}
	EndGlobalSection
EndGlobal
